// !$*UTF8*$!
{
	archiveVersion = 1;
	classes = {
	};
	objectVersion = 51;
	objects = {

/* Begin PBXBuildFile section */
		3833CADBEDBAECE235D213DF /* Pods_FirebaseStorageExample.framework in Frameworks */ = {isa = PBXBuildFile; fileRef = 59963606B58A11CFC750944B /* Pods_FirebaseStorageExample.framework */; };
		A64027E42572007800C769EF /* AppDelegate.swift in Sources */ = {isa = PBXBuildFile; fileRef = A64027E32572007800C769EF /* AppDelegate.swift */; };
		A64027E82572007800C769EF /* MasterViewController.swift in Sources */ = {isa = PBXBuildFile; fileRef = A64027E72572007800C769EF /* MasterViewController.swift */; };
		A64027EA2572007800C769EF /* DetailViewController.swift in Sources */ = {isa = PBXBuildFile; fileRef = A64027E92572007800C769EF /* DetailViewController.swift */; };
		A64027ED2572007800C769EF /* Main.storyboard in Resources */ = {isa = PBXBuildFile; fileRef = A64027EB2572007800C769EF /* Main.storyboard */; };
		A64027EF2572007A00C769EF /* Assets.xcassets in Resources */ = {isa = PBXBuildFile; fileRef = A64027EE2572007A00C769EF /* Assets.xcassets */; };
		A64027F22572007A00C769EF /* LaunchScreen.storyboard in Resources */ = {isa = PBXBuildFile; fileRef = A64027F02572007A00C769EF /* LaunchScreen.storyboard */; };
		A6914DA1257202B0008B783E /* GoogleService-Info.plist in Resources */ = {isa = PBXBuildFile; fileRef = A6914DA0257202B0008B783E /* GoogleService-Info.plist */; };
		A6914DBE25720DC1008B783E /* Photos.framework in Frameworks */ = {isa = PBXBuildFile; fileRef = A6914DBD25720DC1008B783E /* Photos.framework */; };
		A6914DC525721423008B783E /* PhotosUI.framework in Frameworks */ = {isa = PBXBuildFile; fileRef = A6914DC425721423008B783E /* PhotosUI.framework */; };
/* End PBXBuildFile section */

/* Begin PBXFileReference section */
		59963606B58A11CFC750944B /* Pods_FirebaseStorageExample.framework */ = {isa = PBXFileReference; explicitFileType = wrapper.framework; includeInIndex = 0; path = Pods_FirebaseStorageExample.framework; sourceTree = BUILT_PRODUCTS_DIR; };
		903F8622D238A28F60946110 /* Pods-FirebaseStorageExample.debug.xcconfig */ = {isa = PBXFileReference; includeInIndex = 1; lastKnownFileType = text.xcconfig; name = "Pods-FirebaseStorageExample.debug.xcconfig"; path = "Target Support Files/Pods-FirebaseStorageExample/Pods-FirebaseStorageExample.debug.xcconfig"; sourceTree = "<group>"; };
		9B09E5AC9AC7B310D41245FB /* Pods-FirebaseStorageExample.release.xcconfig */ = {isa = PBXFileReference; includeInIndex = 1; lastKnownFileType = text.xcconfig; name = "Pods-FirebaseStorageExample.release.xcconfig"; path = "Target Support Files/Pods-FirebaseStorageExample/Pods-FirebaseStorageExample.release.xcconfig"; sourceTree = "<group>"; };
		A64027E02572007800C769EF /* FirebaseStorageExample.app */ = {isa = PBXFileReference; explicitFileType = wrapper.application; includeInIndex = 0; path = FirebaseStorageExample.app; sourceTree = BUILT_PRODUCTS_DIR; };
		A64027E32572007800C769EF /* AppDelegate.swift */ = {isa = PBXFileReference; lastKnownFileType = sourcecode.swift; path = AppDelegate.swift; sourceTree = "<group>"; };
		A64027E72572007800C769EF /* MasterViewController.swift */ = {isa = PBXFileReference; lastKnownFileType = sourcecode.swift; path = MasterViewController.swift; sourceTree = "<group>"; };
		A64027E92572007800C769EF /* DetailViewController.swift */ = {isa = PBXFileReference; lastKnownFileType = sourcecode.swift; path = DetailViewController.swift; sourceTree = "<group>"; };
		A64027EC2572007800C769EF /* Base */ = {isa = PBXFileReference; lastKnownFileType = file.storyboard; name = Base; path = Base.lproj/Main.storyboard; sourceTree = "<group>"; };
		A64027EE2572007A00C769EF /* Assets.xcassets */ = {isa = PBXFileReference; lastKnownFileType = folder.assetcatalog; path = Assets.xcassets; sourceTree = "<group>"; };
		A64027F12572007A00C769EF /* Base */ = {isa = PBXFileReference; lastKnownFileType = file.storyboard; name = Base; path = Base.lproj/LaunchScreen.storyboard; sourceTree = "<group>"; };
		A64027F32572007A00C769EF /* Info.plist */ = {isa = PBXFileReference; lastKnownFileType = text.plist.xml; path = Info.plist; sourceTree = "<group>"; };
		A6914DA0257202B0008B783E /* GoogleService-Info.plist */ = {isa = PBXFileReference; lastKnownFileType = text.plist; path = "GoogleService-Info.plist"; sourceTree = SOURCE_ROOT; };
		A6914DBD25720DC1008B783E /* Photos.framework */ = {isa = PBXFileReference; lastKnownFileType = wrapper.framework; name = Photos.framework; path = System/Library/Frameworks/Photos.framework; sourceTree = SDKROOT; };
		A6914DC425721423008B783E /* PhotosUI.framework */ = {isa = PBXFileReference; lastKnownFileType = wrapper.framework; name = PhotosUI.framework; path = System/Library/Frameworks/PhotosUI.framework; sourceTree = SDKROOT; };
/* End PBXFileReference section */

/* Begin PBXFrameworksBuildPhase section */
		A64027DD2572007800C769EF /* Frameworks */ = {
			isa = PBXFrameworksBuildPhase;
			buildActionMask = 2147483647;
			files = (
				A6914DC525721423008B783E /* PhotosUI.framework in Frameworks */,
				A6914DBE25720DC1008B783E /* Photos.framework in Frameworks */,
				3833CADBEDBAECE235D213DF /* Pods_FirebaseStorageExample.framework in Frameworks */,
			);
			runOnlyForDeploymentPostprocessing = 0;
		};
/* End PBXFrameworksBuildPhase section */

/* Begin PBXGroup section */
		A0EF7CB65F5D0A132ED09CD7 /* Pods */ = {
			isa = PBXGroup;
			children = (
				903F8622D238A28F60946110 /* Pods-FirebaseStorageExample.debug.xcconfig */,
				9B09E5AC9AC7B310D41245FB /* Pods-FirebaseStorageExample.release.xcconfig */,
			);
			path = Pods;
			sourceTree = "<group>";
		};
		A64027D72572007800C769EF = {
			isa = PBXGroup;
			children = (
				A64027E22572007800C769EF /* FirebaseStorageExample */,
				A64027E12572007800C769EF /* Products */,
				A0EF7CB65F5D0A132ED09CD7 /* Pods */,
				C2731753F66597FB39DD8D85 /* Frameworks */,
			);
			sourceTree = "<group>";
		};
		A64027E12572007800C769EF /* Products */ = {
			isa = PBXGroup;
			children = (
				A64027E02572007800C769EF /* FirebaseStorageExample.app */,
			);
			name = Products;
			sourceTree = "<group>";
		};
		A64027E22572007800C769EF /* FirebaseStorageExample */ = {
			isa = PBXGroup;
			children = (
				A6914DA0257202B0008B783E /* GoogleService-Info.plist */,
				A64027E32572007800C769EF /* AppDelegate.swift */,
				A64027E72572007800C769EF /* MasterViewController.swift */,
				A64027E92572007800C769EF /* DetailViewController.swift */,
				A64027EB2572007800C769EF /* Main.storyboard */,
				A64027EE2572007A00C769EF /* Assets.xcassets */,
				A64027F02572007A00C769EF /* LaunchScreen.storyboard */,
				A64027F32572007A00C769EF /* Info.plist */,
			);
			path = FirebaseStorageExample;
			sourceTree = "<group>";
		};
		C2731753F66597FB39DD8D85 /* Frameworks */ = {
			isa = PBXGroup;
			children = (
				A6914DC425721423008B783E /* PhotosUI.framework */,
				A6914DBD25720DC1008B783E /* Photos.framework */,
				59963606B58A11CFC750944B /* Pods_FirebaseStorageExample.framework */,
			);
			name = Frameworks;
			sourceTree = "<group>";
		};
/* End PBXGroup section */

/* Begin PBXNativeTarget section */
		A64027DF2572007800C769EF /* FirebaseStorageExample */ = {
			isa = PBXNativeTarget;
			buildConfigurationList = A64027F62572007A00C769EF /* Build configuration list for PBXNativeTarget "FirebaseStorageExample" */;
			buildPhases = (
				6CE81B1C37172D5DBFEEF09C /* [CP] Check Pods Manifest.lock */,
				A64027DC2572007800C769EF /* Sources */,
				A64027DD2572007800C769EF /* Frameworks */,
				A64027DE2572007800C769EF /* Resources */,
				371BE4B3373A232C592D5B53 /* [CP] Embed Pods Frameworks */,
			);
			buildRules = (
			);
			dependencies = (
			);
			name = FirebaseStorageExample;
			productName = FirebaseStorageExample;
			productReference = A64027E02572007800C769EF /* FirebaseStorageExample.app */;
			productType = "com.apple.product-type.application";
		};
/* End PBXNativeTarget section */

/* Begin PBXProject section */
		A64027D82572007800C769EF /* Project object */ = {
			isa = PBXProject;
			attributes = {
				LastSwiftUpdateCheck = 1170;
				LastUpgradeCheck = 1170;
				ORGANIZATIONNAME = "shuji ochi";
				TargetAttributes = {
					A64027DF2572007800C769EF = {
						CreatedOnToolsVersion = 11.7;
					};
				};
			};
			buildConfigurationList = A64027DB2572007800C769EF /* Build configuration list for PBXProject "FirebaseStorageExample" */;
			compatibilityVersion = "Xcode 9.3";
			developmentRegion = en;
			hasScannedForEncodings = 0;
			knownRegions = (
				en,
				Base,
			);
			mainGroup = A64027D72572007800C769EF;
			productRefGroup = A64027E12572007800C769EF /* Products */;
			projectDirPath = "";
			projectRoot = "";
			targets = (
				A64027DF2572007800C769EF /* FirebaseStorageExample */,
			);
		};
/* End PBXProject section */

/* Begin PBXResourcesBuildPhase section */
		A64027DE2572007800C769EF /* Resources */ = {
			isa = PBXResourcesBuildPhase;
			buildActionMask = 2147483647;
			files = (
				A64027F22572007A00C769EF /* LaunchScreen.storyboard in Resources */,
				A6914DA1257202B0008B783E /* GoogleService-Info.plist in Resources */,
				A64027EF2572007A00C769EF /* Assets.xcassets in Resources */,
				A64027ED2572007800C769EF /* Main.storyboard in Resources */,
			);
			runOnlyForDeploymentPostprocessing = 0;
		};
/* End PBXResourcesBuildPhase section */

/* Begin PBXShellScriptBuildPhase section */
		371BE4B3373A232C592D5B53 /* [CP] Embed Pods Frameworks */ = {
			isa = PBXShellScriptBuildPhase;
			buildActionMask = 2147483647;
			files = (
			);
			inputFileListPaths = (
				"${PODS_ROOT}/Target Support Files/Pods-FirebaseStorageExample/Pods-FirebaseStorageExample-frameworks-${CONFIGURATION}-input-files.xcfilelist",
			);
			name = "[CP] Embed Pods Frameworks";
			outputFileListPaths = (
				"${PODS_ROOT}/Target Support Files/Pods-FirebaseStorageExample/Pods-FirebaseStorageExample-frameworks-${CONFIGURATION}-output-files.xcfilelist",
			);
			runOnlyForDeploymentPostprocessing = 0;
			shellPath = /bin/sh;
			shellScript = "\"${PODS_ROOT}/Target Support Files/Pods-FirebaseStorageExample/Pods-FirebaseStorageExample-frameworks.sh\"\n";
			showEnvVarsInLog = 0;
		};
		6CE81B1C37172D5DBFEEF09C /* [CP] Check Pods Manifest.lock */ = {
			isa = PBXShellScriptBuildPhase;
			buildActionMask = 2147483647;
			files = (
			);
			inputFileListPaths = (
			);
			inputPaths = (
				"${PODS_PODFILE_DIR_PATH}/Podfile.lock",
				"${PODS_ROOT}/Manifest.lock",
			);
			name = "[CP] Check Pods Manifest.lock";
			outputFileListPaths = (
			);
			outputPaths = (
				"$(DERIVED_FILE_DIR)/Pods-FirebaseStorageExample-checkManifestLockResult.txt",
			);
			runOnlyForDeploymentPostprocessing = 0;
			shellPath = /bin/sh;
			shellScript = "diff \"${PODS_PODFILE_DIR_PATH}/Podfile.lock\" \"${PODS_ROOT}/Manifest.lock\" > /dev/null\nif [ $? != 0 ] ; then\n    # print error to STDERR\n    echo \"error: The sandbox is not in sync with the Podfile.lock. Run 'pod install' or update your CocoaPods installation.\" >&2\n    exit 1\nfi\n# This output is used by Xcode 'outputs' to avoid re-running this script phase.\necho \"SUCCESS\" > \"${SCRIPT_OUTPUT_FILE_0}\"\n";
			showEnvVarsInLog = 0;
		};
/* End PBXShellScriptBuildPhase section */

/* Begin PBXSourcesBuildPhase section */
		A64027DC2572007800C769EF /* Sources */ = {
			isa = PBXSourcesBuildPhase;
			buildActionMask = 2147483647;
			files = (
				A64027E42572007800C769EF /* AppDelegate.swift in Sources */,
				A64027E82572007800C769EF /* MasterViewController.swift in Sources */,
				A64027EA2572007800C769EF /* DetailViewController.swift in Sources */,
			);
			runOnlyForDeploymentPostprocessing = 0;
		};
/* End PBXSourcesBuildPhase section */

/* Begin PBXVariantGroup section */
		A64027EB2572007800C769EF /* Main.storyboard */ = {
			isa = PBXVariantGroup;
			children = (
				A64027EC2572007800C769EF /* Base */,
			);
			name = Main.storyboard;
			sourceTree = "<group>";
		};
		A64027F02572007A00C769EF /* LaunchScreen.storyboard */ = {
			isa = PBXVariantGroup;
			children = (
				A64027F12572007A00C769EF /* Base */,
			);
			name = LaunchScreen.storyboard;
			sourceTree = "<group>";
		};
/* End PBXVariantGroup section */

/* Begin XCBuildConfiguration section */
		A64027F42572007A00C769EF /* Debug */ = {
			isa = XCBuildConfiguration;
			buildSettings = {
				ALWAYS_SEARCH_USER_PATHS = NO;
				CLANG_ANALYZER_NONNULL = YES;
				CLANG_ANALYZER_NUMBER_OBJECT_CONVERSION = YES_AGGRESSIVE;
				CLANG_CXX_LANGUAGE_STANDARD = "gnu++14";
				CLANG_CXX_LIBRARY = "libc++";
				CLANG_ENABLE_MODULES = YES;
				CLANG_ENABLE_OBJC_ARC = YES;
				CLANG_ENABLE_OBJC_WEAK = YES;
				CLANG_WARN_BLOCK_CAPTURE_AUTORELEASING = YES;
				CLANG_WARN_BOOL_CONVERSION = YES;
				CLANG_WARN_COMMA = YES;
				CLANG_WARN_CONSTANT_CONVERSION = YES;
				CLANG_WARN_DEPRECATED_OBJC_IMPLEMENTATIONS = YES;
				CLANG_WARN_DIRECT_OBJC_ISA_USAGE = YES_ERROR;
				CLANG_WARN_DOCUMENTATION_COMMENTS = YES;
				CLANG_WARN_EMPTY_BODY = YES;
				CLANG_WARN_ENUM_CONVERSION = YES;
				CLANG_WARN_INFINITE_RECURSION = YES;
				CLANG_WARN_INT_CONVERSION = YES;
				CLANG_WARN_NON_LITERAL_NULL_CONVERSION = YES;
				CLANG_WARN_OBJC_IMPLICIT_RETAIN_SELF = YES;
				CLANG_WARN_OBJC_LITERAL_CONVERSION = YES;
				CLANG_WARN_OBJC_ROOT_CLASS = YES_ERROR;
				CLANG_WARN_RANGE_LOOP_ANALYSIS = YES;
				CLANG_WARN_STRICT_PROTOTYPES = YES;
				CLANG_WARN_SUSPICIOUS_MOVE = YES;
				CLANG_WARN_UNGUARDED_AVAILABILITY = YES_AGGRESSIVE;
				CLANG_WARN_UNREACHABLE_CODE = YES;
				CLANG_WARN__DUPLICATE_METHOD_MATCH = YES;
				COPY_PHASE_STRIP = NO;
				DEBUG_INFORMATION_FORMAT = dwarf;
				ENABLE_STRICT_OBJC_MSGSEND = YES;
				ENABLE_TESTABILITY = YES;
				GCC_C_LANGUAGE_STANDARD = gnu11;
				GCC_DYNAMIC_NO_PIC = NO;
				GCC_NO_COMMON_BLOCKS = YES;
				GCC_OPTIMIZATION_LEVEL = 0;
				GCC_PREPROCESSOR_DEFINITIONS = (
					"DEBUG=1",
					"$(inherited)",
				);
				GCC_WARN_64_TO_32_BIT_CONVERSION = YES;
				GCC_WARN_ABOUT_RETURN_TYPE = YES_ERROR;
				GCC_WARN_UNDECLARED_SELECTOR = YES;
				GCC_WARN_UNINITIALIZED_AUTOS = YES_AGGRESSIVE;
				GCC_WARN_UNUSED_FUNCTION = YES;
				GCC_WARN_UNUSED_VARIABLE = YES;
				IPHONEOS_DEPLOYMENT_TARGET = 13.7;
				MTL_ENABLE_DEBUG_INFO = INCLUDE_SOURCE;
				MTL_FAST_MATH = YES;
				ONLY_ACTIVE_ARCH = YES;
				SDKROOT = iphoneos;
				SWIFT_ACTIVE_COMPILATION_CONDITIONS = DEBUG;
				SWIFT_OPTIMIZATION_LEVEL = "-Onone";
			};
			name = Debug;
		};
		A64027F52572007A00C769EF /* Release */ = {
			isa = XCBuildConfiguration;
			buildSettings = {
				ALWAYS_SEARCH_USER_PATHS = NO;
				CLANG_ANALYZER_NONNULL = YES;
				CLANG_ANALYZER_NUMBER_OBJECT_CONVERSION = YES_AGGRESSIVE;
				CLANG_CXX_LANGUAGE_STANDARD = "gnu++14";
				CLANG_CXX_LIBRARY = "libc++";
				CLANG_ENABLE_MODULES = YES;
				CLANG_ENABLE_OBJC_ARC = YES;
				CLANG_ENABLE_OBJC_WEAK = YES;
				CLANG_WARN_BLOCK_CAPTURE_AUTORELEASING = YES;
				CLANG_WARN_BOOL_CONVERSION = YES;
				CLANG_WARN_COMMA = YES;
				CLANG_WARN_CONSTANT_CONVERSION = YES;
				CLANG_WARN_DEPRECATED_OBJC_IMPLEMENTATIONS = YES;
				CLANG_WARN_DIRECT_OBJC_ISA_USAGE = YES_ERROR;
				CLANG_WARN_DOCUMENTATION_COMMENTS = YES;
				CLANG_WARN_EMPTY_BODY = YES;
				CLANG_WARN_ENUM_CONVERSION = YES;
				CLANG_WARN_INFINITE_RECURSION = YES;
				CLANG_WARN_INT_CONVERSION = YES;
				CLANG_WARN_NON_LITERAL_NULL_CONVERSION = YES;
				CLANG_WARN_OBJC_IMPLICIT_RETAIN_SELF = YES;
				CLANG_WARN_OBJC_LITERAL_CONVERSION = YES;
				CLANG_WARN_OBJC_ROOT_CLASS = YES_ERROR;
				CLANG_WARN_RANGE_LOOP_ANALYSIS = YES;
				CLANG_WARN_STRICT_PROTOTYPES = YES;
				CLANG_WARN_SUSPICIOUS_MOVE = YES;
				CLANG_WARN_UNGUARDED_AVAILABILITY = YES_AGGRESSIVE;
				CLANG_WARN_UNREACHABLE_CODE = YES;
				CLANG_WARN__DUPLICATE_METHOD_MATCH = YES;
				COPY_PHASE_STRIP = NO;
				DEBUG_INFORMATION_FORMAT = "dwarf-with-dsym";
				ENABLE_NS_ASSERTIONS = NO;
				ENABLE_STRICT_OBJC_MSGSEND = YES;
				GCC_C_LANGUAGE_STANDARD = gnu11;
				GCC_NO_COMMON_BLOCKS = YES;
				GCC_WARN_64_TO_32_BIT_CONVERSION = YES;
				GCC_WARN_ABOUT_RETURN_TYPE = YES_ERROR;
				GCC_WARN_UNDECLARED_SELECTOR = YES;
				GCC_WARN_UNINITIALIZED_AUTOS = YES_AGGRESSIVE;
				GCC_WARN_UNUSED_FUNCTION = YES;
				GCC_WARN_UNUSED_VARIABLE = YES;
				IPHONEOS_DEPLOYMENT_TARGET = 13.7;
				MTL_ENABLE_DEBUG_INFO = NO;
				MTL_FAST_MATH = YES;
				SDKROOT = iphoneos;
				SWIFT_COMPILATION_MODE = wholemodule;
				SWIFT_OPTIMIZATION_LEVEL = "-O";
				VALIDATE_PRODUCT = YES;
			};
			name = Release;
		};
		A64027F72572007A00C769EF /* Debug */ = {
			isa = XCBuildConfiguration;
			baseConfigurationReference = 903F8622D238A28F60946110 /* Pods-FirebaseStorageExample.debug.xcconfig */;
			buildSettings = {
				ASSETCATALOG_COMPILER_APPICON_NAME = AppIcon;
				CODE_SIGN_STYLE = Automatic;
				DEVELOPMENT_TEAM = S62K272W76;
				INFOPLIST_FILE = FirebaseStorageExample/Info.plist;
				IPHONEOS_DEPLOYMENT_TARGET = 14.0;
				LD_RUNPATH_SEARCH_PATHS = (
					"$(inherited)",
					"@executable_path/Frameworks",
				);
				PRODUCT_BUNDLE_IDENTIFIER = tv.ponpoko.FirebaseStorageExample;
				PRODUCT_NAME = "$(TARGET_NAME)";
				SWIFT_VERSION = 5.0;
				TARGETED_DEVICE_FAMILY = 1;
			};
			name = Debug;
		};
		A64027F82572007A00C769EF /* Release */ = {
			isa = XCBuildConfiguration;
			baseConfigurationReference = 9B09E5AC9AC7B310D41245FB /* Pods-FirebaseStorageExample.release.xcconfig */;
			buildSettings = {
				ASSETCATALOG_COMPILER_APPICON_NAME = AppIcon;
				CODE_SIGN_STYLE = Automatic;
				DEVELOPMENT_TEAM = S62K272W76;
				INFOPLIST_FILE = FirebaseStorageExample/Info.plist;
				IPHONEOS_DEPLOYMENT_TARGET = 14.0;
				LD_RUNPATH_SEARCH_PATHS = (
					"$(inherited)",
					"@executable_path/Frameworks",
				);
				PRODUCT_BUNDLE_IDENTIFIER = tv.ponpoko.FirebaseStorageExample;
				PRODUCT_NAME = "$(TARGET_NAME)";
				SWIFT_VERSION = 5.0;
				TARGETED_DEVICE_FAMILY = 1;
			};
			name = Release;
		};
/* End XCBuildConfiguration section */

/* Begin XCConfigurationList section */
		A64027DB2572007800C769EF /* Build configuration list for PBXProject "FirebaseStorageExample" */ = {
			isa = XCConfigurationList;
			buildConfigurations = (
				A64027F42572007A00C769EF /* Debug */,
				A64027F52572007A00C769EF /* Release */,
			);
			defaultConfigurationIsVisible = 0;
			defaultConfigurationName = Release;
		};
		A64027F62572007A00C769EF /* Build configuration list for PBXNativeTarget "FirebaseStorageExample" */ = {
			isa = XCConfigurationList;
			buildConfigurations = (
				A64027F72572007A00C769EF /* Debug */,
				A64027F82572007A00C769EF /* Release */,
			);
			defaultConfigurationIsVisible = 0;
			defaultConfigurationName = Release;
		};
/* End XCConfigurationList section */
	};
	rootObject = A64027D82572007800C769EF /* Project object */;
}
